// !$*UTF8*$!
{
	archiveVersion = 1;
	classes = {
	};
	objectVersion = 77;
	objects = {

/* Begin PBXBuildFile section */
		345621482FE1DCD500B750B4 /* Auth in Frameworks */ = {isa = PBXBuildFile; productRef = 345621472FE1DCD500B750B4 /* Auth */; };
		3456214A2FE1DCD500B750B4 /* Functions in Frameworks */ = {isa = PBXBuildFile; productRef = 345621492FE1DCD500B750B4 /* Functions */; };
		3456214C2FE1DCD500B750B4 /* PostgREST in Frameworks */ = {isa = PBXBuildFile; productRef = 3456214B2FE1DCD500B750B4 /* PostgREST */; };
		3456214E2FE1DCD500B750B4 /* Supabase in Frameworks */ = {isa = PBXBuildFile; productRef = 3456214D2FE1DCD500B750B4 /* Supabase */; };
		C5A1E0302F2C4D1A00A1F001 /* budgetmeter.ios/Resources/Alerts.xcstrings in Resources */ = {isa = PBXBuildFile; fileRef = C5A1E0102F2C4D1A00A1F001 /* budgetmeter.ios/Resources/Alerts.xcstrings */; };
		C5A1E0312F2C4D1A00A1F001 /* budgetmeter.ios/Resources/Categories.xcstrings in Resources */ = {isa = PBXBuildFile; fileRef = C5A1E0112F2C4D1A00A1F001 /* budgetmeter.ios/Resources/Categories.xcstrings */; };
		C5A1E0322F2C4D1A00A1F001 /* budgetmeter.ios/Resources/Currency.xcstrings in Resources */ = {isa = PBXBuildFile; fileRef = C5A1E0122F2C4D1A00A1F001 /* budgetmeter.ios/Resources/Currency.xcstrings */; };
		C5A1E0332F2C4D1A00A1F001 /* budgetmeter.ios/Resources/Debug.xcstrings in Resources */ = {isa = PBXBuildFile; fileRef = C5A1E0132F2C4D1A00A1F001 /* budgetmeter.ios/Resources/Debug.xcstrings */; };
		C5A1E0342F2C4D1A00A1F001 /* budgetmeter.ios/Resources/Home.xcstrings in Resources */ = {isa = PBXBuildFile; fileRef = C5A1E0142F2C4D1A00A1F001 /* budgetmeter.ios/Resources/Home.xcstrings */; };
		C5A1E0352F2C4D1A00A1F001 /* budgetmeter.ios/Resources/Settings.xcstrings in Resources */ = {isa = PBXBuildFile; fileRef = C5A1E0152F2C4D1A00A1F001 /* budgetmeter.ios/Resources/Settings.xcstrings */; };
		C5A1E0362F2C4D1A00A1F001 /* budgetmeter.ios/Resources/UI.xcstrings in Resources */ = {isa = PBXBuildFile; fileRef = C5A1E0162F2C4D1A00A1F001 /* budgetmeter.ios/Resources/UI.xcstrings */; };
		C5A1E0382F2C4D1A00A1F001 /* budgetmeter.ios/Resources/Localizable.xcstrings in Resources */ = {isa = PBXBuildFile; fileRef = C5A1E0172F2C4D1A00A1F001 /* budgetmeter.ios/Resources/Localizable.xcstrings */; };
		C5W8E0142F2D000100A1F002 /* BudgetMeterWidgets.appex in Embed Foundation Extensions */ = {isa = PBXBuildFile; fileRef = C5W8E0012F2D000100A1F002 /* BudgetMeterWidgets.appex */; settings = {ATTRIBUTES = (RemoveHeadersOnCopy, ); }; };
		C5W8E0152F2D000100A1F002 /* budgetmeter.ios/Resources/UI.xcstrings in Resources */ = {isa = PBXBuildFile; fileRef = C5A1E0162F2C4D1A00A1F001 /* budgetmeter.ios/Resources/UI.xcstrings */; };
/* End PBXBuildFile section */

/* Begin PBXContainerItemProxy section */
		C5T2E0092F2D000100A1F001 /* PBXContainerItemProxy */ = {
			isa = PBXContainerItemProxy;
			containerPortal = C549F90D2E7B0F4100517515 /* Project object */;
			proxyType = 1;
			remoteGlobalIDString = C549F9142E7B0F4100517515;
			remoteInfo = budgetmeter.ios;
		};
		C5W8E00C2F2D000100A1F002 /* PBXContainerItemProxy */ = {
			isa = PBXContainerItemProxy;
			containerPortal = C549F90D2E7B0F4100517515 /* Project object */;
			proxyType = 1;
			remoteGlobalIDString = C5W8E0052F2D000100A1F002;
			remoteInfo = BudgetMeterWidgets;
		};
/* End PBXContainerItemProxy section */

/* Begin PBXCopyFilesBuildPhase section */
		C5W8E00E2F2D000100A1F002 /* Embed Foundation Extensions */ = {
			isa = PBXCopyFilesBuildPhase;
			buildActionMask = 2147483647;
			dstPath = "";
			dstSubfolderSpec = 13;
			files = (
				C5W8E0142F2D000100A1F002 /* BudgetMeterWidgets.appex in Embed Foundation Extensions */,
			);
			name = "Embed Foundation Extensions";
			runOnlyForDeploymentPostprocessing = 0;
		};
/* End PBXCopyFilesBuildPhase section */

/* Begin PBXFileReference section */
		C549F9152E7B0F4100517515 /* budgetmeter.ios.app */ = {isa = PBXFileReference; explicitFileType = wrapper.application; includeInIndex = 0; path = budgetmeter.ios.app; sourceTree = BUILT_PRODUCTS_DIR; };
		C5A1E0102F2C4D1A00A1F001 /* budgetmeter.ios/Resources/Alerts.xcstrings */ = {isa = PBXFileReference; lastKnownFileType = text.json; path = budgetmeter.ios/Resources/Alerts.xcstrings; sourceTree = SOURCE_ROOT; };
		C5A1E0112F2C4D1A00A1F001 /* budgetmeter.ios/Resources/Categories.xcstrings */ = {isa = PBXFileReference; lastKnownFileType = text.json; path = budgetmeter.ios/Resources/Categories.xcstrings; sourceTree = SOURCE_ROOT; };
		C5A1E0122F2C4D1A00A1F001 /* budgetmeter.ios/Resources/Currency.xcstrings */ = {isa = PBXFileReference; lastKnownFileType = text.json; path = budgetmeter.ios/Resources/Currency.xcstrings; sourceTree = SOURCE_ROOT; };
		C5A1E0132F2C4D1A00A1F001 /* budgetmeter.ios/Resources/Debug.xcstrings */ = {isa = PBXFileReference; lastKnownFileType = text.json; path = budgetmeter.ios/Resources/Debug.xcstrings; sourceTree = SOURCE_ROOT; };
		C5A1E0142F2C4D1A00A1F001 /* budgetmeter.ios/Resources/Home.xcstrings */ = {isa = PBXFileReference; lastKnownFileType = text.json; path = budgetmeter.ios/Resources/Home.xcstrings; sourceTree = SOURCE_ROOT; };
		C5A1E0152F2C4D1A00A1F001 /* budgetmeter.ios/Resources/Settings.xcstrings */ = {isa = PBXFileReference; lastKnownFileType = text.json; path = budgetmeter.ios/Resources/Settings.xcstrings; sourceTree = SOURCE_ROOT; };
		C5A1E0162F2C4D1A00A1F001 /* budgetmeter.ios/Resources/UI.xcstrings */ = {isa = PBXFileReference; lastKnownFileType = text.json; path = budgetmeter.ios/Resources/UI.xcstrings; sourceTree = SOURCE_ROOT; };
		C5A1E0172F2C4D1A00A1F001 /* budgetmeter.ios/Resources/Localizable.xcstrings */ = {isa = PBXFileReference; lastKnownFileType = text.json; path = budgetmeter.ios/Resources/Localizable.xcstrings; sourceTree = SOURCE_ROOT; };
		C5T2E0022F2D000100A1F001 /* budgetmeter.iosTests.xctest */ = {isa = PBXFileReference; explicitFileType = wrapper.cfbundle; includeInIndex = 0; path = budgetmeter.iosTests.xctest; sourceTree = BUILT_PRODUCTS_DIR; };
		C5W8E0012F2D000100A1F002 /* BudgetMeterWidgets.appex */ = {isa = PBXFileReference; explicitFileType = "wrapper.app-extension"; includeInIndex = 0; path = BudgetMeterWidgets.appex; sourceTree = BUILT_PRODUCTS_DIR; };
/* End PBXFileReference section */

/* Begin PBXFileSystemSynchronizedBuildFileExceptionSet section */
		C5A2E0412F2D000100A1F002 /* Exceptions for "budgetmeter.ios" folder in "budgetmeter.ios" target */ = {
			isa = PBXFileSystemSynchronizedBuildFileExceptionSet;
			membershipExceptions = (
				Info.plist,
			);
			target = C549F9142E7B0F4100517515 /* budgetmeter.ios */;
		};
		C5W8E00F2F2D000100A1F002 /* Exceptions for "BudgetMeterWidgets" folder in "BudgetMeterWidgets" target */ = {
			isa = PBXFileSystemSynchronizedBuildFileExceptionSet;
			membershipExceptions = (
				Info.plist,
			);
			target = C5W8E0052F2D000100A1F002 /* BudgetMeterWidgets */;
		};
/* End PBXFileSystemSynchronizedBuildFileExceptionSet section */

/* Begin PBXFileSystemSynchronizedRootGroup section */
		C549F9172E7B0F4100517515 /* budgetmeter.ios */ = {
			isa = PBXFileSystemSynchronizedRootGroup;
			exceptions = (
				C5A2E0412F2D000100A1F002 /* Exceptions for "budgetmeter.ios" folder in "budgetmeter.ios" target */,
			);
			path = budgetmeter.ios;
			sourceTree = "<group>";
		};
		C5T2E0032F2D000100A1F001 /* budgetmeter.iosTests */ = {
			isa = PBXFileSystemSynchronizedRootGroup;
			path = budgetmeter.iosTests;
			sourceTree = "<group>";
		};
		C5W8E0032F2D000100A1F002 /* budgetmeter.ios/WidgetShared */ = {
			isa = PBXFileSystemSynchronizedRootGroup;
			path = budgetmeter.ios/WidgetShared;
			sourceTree = "<group>";
		};
		C5W8E0042F2D000100A1F002 /* BudgetMeterWidgets */ = {
			isa = PBXFileSystemSynchronizedRootGroup;
			exceptions = (
				C5W8E00F2F2D000100A1F002 /* Exceptions for "BudgetMeterWidgets" folder in "BudgetMeterWidgets" target */,
			);
			path = BudgetMeterWidgets;
			sourceTree = "<group>";
		};
/* End PBXFileSystemSynchronizedRootGroup section */

/* Begin PBXFrameworksBuildPhase section */
		C549F9122E7B0F4100517515 /* Frameworks */ = {
			isa = PBXFrameworksBuildPhase;
			buildActionMask = 2147483647;
			files = (
				3456214E2FE1DCD500B750B4 /* Supabase in Frameworks */,
				3456214C2FE1DCD500B750B4 /* PostgREST in Frameworks */,
				3456214A2FE1DCD500B750B4 /* Functions in Frameworks */,
				345621482FE1DCD500B750B4 /* Auth in Frameworks */,
			);
			runOnlyForDeploymentPostprocessing = 0;
		};
		C5T2E0052F2D000100A1F001 /* Frameworks */ = {
			isa = PBXFrameworksBuildPhase;
			buildActionMask = 2147483647;
			files = (
			);
			runOnlyForDeploymentPostprocessing = 0;
		};
		C5W8E00A2F2D000100A1F002 /* Frameworks */ = {
			isa = PBXFrameworksBuildPhase;
			buildActionMask = 2147483647;
			files = (
			);
			runOnlyForDeploymentPostprocessing = 0;
		};
/* End PBXFrameworksBuildPhase section */

/* Begin PBXGroup section */
		34F687772FE33D050040B924 /* Recovered References */ = {
			isa = PBXGroup;
			children = (
				C5W8E0032F2D000100A1F002 /* budgetmeter.ios/WidgetShared */,
			);
			name = "Recovered References";
			sourceTree = "<group>";
		};
		C549F90C2E7B0F4100517515 = {
			isa = PBXGroup;
			children = (
				C549F9172E7B0F4100517515 /* budgetmeter.ios */,
				C5W8E0042F2D000100A1F002 /* BudgetMeterWidgets */,
				C5T2E0032F2D000100A1F001 /* budgetmeter.iosTests */,
				C549F9162E7B0F4100517515 /* Products */,
				C5A1E0102F2C4D1A00A1F001 /* budgetmeter.ios/Resources/Alerts.xcstrings */,
				C5A1E0112F2C4D1A00A1F001 /* budgetmeter.ios/Resources/Categories.xcstrings */,
				C5A1E0122F2C4D1A00A1F001 /* budgetmeter.ios/Resources/Currency.xcstrings */,
				C5A1E0132F2C4D1A00A1F001 /* budgetmeter.ios/Resources/Debug.xcstrings */,
				C5A1E0142F2C4D1A00A1F001 /* budgetmeter.ios/Resources/Home.xcstrings */,
				C5A1E0152F2C4D1A00A1F001 /* budgetmeter.ios/Resources/Settings.xcstrings */,
				C5A1E0162F2C4D1A00A1F001 /* budgetmeter.ios/Resources/UI.xcstrings */,
				C5A1E0172F2C4D1A00A1F001 /* budgetmeter.ios/Resources/Localizable.xcstrings */,
				34F687772FE33D050040B924 /* Recovered References */,
			);
			sourceTree = "<group>";
		};
		C549F9162E7B0F4100517515 /* Products */ = {
			isa = PBXGroup;
			children = (
				C549F9152E7B0F4100517515 /* budgetmeter.ios.app */,
				C5W8E0012F2D000100A1F002 /* BudgetMeterWidgets.appex */,
				C5T2E0022F2D000100A1F001 /* budgetmeter.iosTests.xctest */,
			);
			name = Products;
			sourceTree = "<group>";
		};
/* End PBXGroup section */

/* Begin PBXNativeTarget section */
		C549F9142E7B0F4100517515 /* budgetmeter.ios */ = {
			isa = PBXNativeTarget;
			buildConfigurationList = C549F9202E7B0F4200517515 /* Build configuration list for PBXNativeTarget "budgetmeter.ios" */;
			buildPhases = (
				C549F9112E7B0F4100517515 /* Sources */,
				C549F9122E7B0F4100517515 /* Frameworks */,
				C549F9132E7B0F4100517515 /* Resources */,
				C5W8E00E2F2D000100A1F002 /* Embed Foundation Extensions */,
			);
			buildRules = (
			);
			dependencies = (
				C5W8E00D2F2D000100A1F002 /* PBXTargetDependency */,
			);
			fileSystemSynchronizedGroups = (
				C549F9172E7B0F4100517515 /* budgetmeter.ios */,
			);
			name = budgetmeter.ios;
			packageProductDependencies = (
				345621472FE1DCD500B750B4 /* Auth */,
				345621492FE1DCD500B750B4 /* Functions */,
				3456214B2FE1DCD500B750B4 /* PostgREST */,
				3456214D2FE1DCD500B750B4 /* Supabase */,
			);
			productName = budgetmeter.ios;
			productReference = C549F9152E7B0F4100517515 /* budgetmeter.ios.app */;
			productType = "com.apple.product-type.application";
		};
		C5T2E0012F2D000100A1F001 /* budgetmeter.iosTests */ = {
			isa = PBXNativeTarget;
			buildConfigurationList = C5T2E0062F2D000100A1F001 /* Build configuration list for PBXNativeTarget "budgetmeter.iosTests" */;
			buildPhases = (
				C5T2E0042F2D000100A1F001 /* Sources */,
				C5T2E0052F2D000100A1F001 /* Frameworks */,
			);
			buildRules = (
			);
			dependencies = (
				C5T2E00A2F2D000100A1F001 /* PBXTargetDependency */,
			);
			fileSystemSynchronizedGroups = (
				C5T2E0032F2D000100A1F001 /* budgetmeter.iosTests */,
			);
			name = budgetmeter.iosTests;
			packageProductDependencies = (
			);
			productName = budgetmeter.iosTests;
			productReference = C5T2E0022F2D000100A1F001 /* budgetmeter.iosTests.xctest */;
			productType = "com.apple.product-type.bundle.unit-test";
		};
		C5W8E0052F2D000100A1F002 /* BudgetMeterWidgets */ = {
			isa = PBXNativeTarget;
			buildConfigurationList = C5W8E0062F2D000100A1F002 /* Build configuration list for PBXNativeTarget "BudgetMeterWidgets" */;
			buildPhases = (
				C5W8E0092F2D000100A1F002 /* Sources */,
				C5W8E00A2F2D000100A1F002 /* Frameworks */,
				C5W8E00B2F2D000100A1F002 /* Resources */,
			);
			buildRules = (
			);
			dependencies = (
			);
			fileSystemSynchronizedGroups = (
				C5W8E0032F2D000100A1F002 /* budgetmeter.ios/WidgetShared */,
				C5W8E0042F2D000100A1F002 /* BudgetMeterWidgets */,
			);
			name = BudgetMeterWidgets;
			productName = BudgetMeterWidgets;
			productReference = C5W8E0012F2D000100A1F002 /* BudgetMeterWidgets.appex */;
			productType = "com.apple.product-type.app-extension";
		};
/* End PBXNativeTarget section */

/* Begin PBXProject section */
		C549F90D2E7B0F4100517515 /* Project object */ = {
			isa = PBXProject;
			attributes = {
				BuildIndependentTargetsInParallel = 1;
				LastSwiftUpdateCheck = 1640;
				LastUpgradeCheck = 1640;
				TargetAttributes = {
					C549F9142E7B0F4100517515 = {
						CreatedOnToolsVersion = 16.4;
						TestTargetID = C5T2E0012F2D000100A1F001;
					};
					C5T2E0012F2D000100A1F001 = {
						CreatedOnToolsVersion = 16.4;
					};
					C5W8E0052F2D000100A1F002 = {
						CreatedOnToolsVersion = 16.4;
					};
				};
			};
			buildConfigurationList = C549F9102E7B0F4100517515 /* Build configuration list for PBXProject "budgetmeter.ios" */;
			developmentRegion = en;
			hasScannedForEncodings = 0;
			knownRegions = (
				en,
				Base,
				tr,
				de,
				fr,
				es,
				it,
				pt,
				ja,
				"zh-Hans",
				ar,
			);
			mainGroup = C549F90C2E7B0F4100517515;
			minimizedProjectReferenceProxies = 1;
			packageReferences = (
				345621462FE1DCD500B750B4 /* XCRemoteSwiftPackageReference "supabase-swift" */,
			);
			preferredProjectObjectVersion = 77;
			productRefGroup = C549F9162E7B0F4100517515 /* Products */;
			projectDirPath = "";
			projectRoot = "";
			targets = (
				C549F9142E7B0F4100517515 /* budgetmeter.ios */,
				C5W8E0052F2D000100A1F002 /* BudgetMeterWidgets */,
				C5T2E0012F2D000100A1F001 /* budgetmeter.iosTests */,
			);
		};
/* End PBXProject section */

/* Begin PBXResourcesBuildPhase section */
		C549F9132E7B0F4100517515 /* Resources */ = {
			isa = PBXResourcesBuildPhase;
			buildActionMask = 2147483647;
			files = (
				C5A1E0302F2C4D1A00A1F001 /* budgetmeter.ios/Resources/Alerts.xcstrings in Resources */,
				C5A1E0312F2C4D1A00A1F001 /* budgetmeter.ios/Resources/Categories.xcstrings in Resources */,
				C5A1E0322F2C4D1A00A1F001 /* budgetmeter.ios/Resources/Currency.xcstrings in Resources */,
				C5A1E0332F2C4D1A00A1F001 /* budgetmeter.ios/Resources/Debug.xcstrings in Resources */,
				C5A1E0342F2C4D1A00A1F001 /* budgetmeter.ios/Resources/Home.xcstrings in Resources */,
				C5A1E0352F2C4D1A00A1F001 /* budgetmeter.ios/Resources/Settings.xcstrings in Resources */,
				C5A1E0362F2C4D1A00A1F001 /* budgetmeter.ios/Resources/UI.xcstrings in Resources */,
				C5A1E0382F2C4D1A00A1F001 /* budgetmeter.ios/Resources/Localizable.xcstrings in Resources */,
			);
			runOnlyForDeploymentPostprocessing = 0;
		};
		C5W8E00B2F2D000100A1F002 /* Resources */ = {
			isa = PBXResourcesBuildPhase;
			buildActionMask = 2147483647;
			files = (
				C5W8E0152F2D000100A1F002 /* budgetmeter.ios/Resources/UI.xcstrings in Resources */,
			);
			runOnlyForDeploymentPostprocessing = 0;
		};
/* End PBXResourcesBuildPhase section */

/* Begin PBXSourcesBuildPhase section */
		C549F9112E7B0F4100517515 /* Sources */ = {
			isa = PBXSourcesBuildPhase;
			buildActionMask = 2147483647;
			files = (
			);
			runOnlyForDeploymentPostprocessing = 0;
		};
		C5T2E0042F2D000100A1F001 /* Sources */ = {
			isa = PBXSourcesBuildPhase;
			buildActionMask = 2147483647;
			files = (
			);
			runOnlyForDeploymentPostprocessing = 0;
		};
		C5W8E0092F2D000100A1F002 /* Sources */ = {
			isa = PBXSourcesBuildPhase;
			buildActionMask = 2147483647;
			files = (
			);
			runOnlyForDeploymentPostprocessing = 0;
		};
/* End PBXSourcesBuildPhase section */

/* Begin PBXTargetDependency section */
		C5T2E00A2F2D000100A1F001 /* PBXTargetDependency */ = {
			isa = PBXTargetDependency;
			target = C549F9142E7B0F4100517515 /* budgetmeter.ios */;
			targetProxy = C5T2E0092F2D000100A1F001 /* PBXContainerItemProxy */;
		};
		C5W8E00D2F2D000100A1F002 /* PBXTargetDependency */ = {
			isa = PBXTargetDependency;
			target = C5W8E0052F2D000100A1F002 /* BudgetMeterWidgets */;
			targetProxy = C5W8E00C2F2D000100A1F002 /* PBXContainerItemProxy */;
		};
/* End PBXTargetDependency section */

/* Begin XCBuildConfiguration section */
		C549F91E2E7B0F4200517515 /* Debug */ = {
			isa = XCBuildConfiguration;
			buildSettings = {
				ALWAYS_SEARCH_USER_PATHS = NO;
				ASSETCATALOG_COMPILER_GENERATE_SWIFT_ASSET_SYMBOL_EXTENSIONS = YES;
				CLANG_ANALYZER_NONNULL = YES;
				CLANG_ANALYZER_NUMBER_OBJECT_CONVERSION = YES_AGGRESSIVE;
				CLANG_CXX_LANGUAGE_STANDARD = "gnu++20";
				CLANG_ENABLE_MODULES = YES;
				CLANG_ENABLE_OBJC_ARC = YES;
				CLANG_ENABLE_OBJC_WEAK = YES;
				CLANG_WARN_BLOCK_CAPTURE_AUTORELEASING = YES;
				CLANG_WARN_BOOL_CONVERSION = YES;
				CLANG_WARN_COMMA = YES;
				CLANG_WARN_CONSTANT_CONVERSION = YES;
				CLANG_WARN_DEPRECATED_OBJC_IMPLEMENTATIONS = YES;
				CLANG_WARN_DIRECT_OBJC_ISA_USAGE = YES_ERROR;
				CLANG_WARN_DOCUMENTATION_COMMENTS = YES;
				CLANG_WARN_EMPTY_BODY = YES;
				CLANG_WARN_ENUM_CONVERSION = YES;
				CLANG_WARN_INFINITE_RECURSION = YES;
				CLANG_WARN_INT_CONVERSION = YES;
				CLANG_WARN_NON_LITERAL_NULL_CONVERSION = YES;
				CLANG_WARN_OBJC_IMPLICIT_RETAIN_SELF = YES;
				CLANG_WARN_OBJC_LITERAL_CONVERSION = YES;
				CLANG_WARN_OBJC_ROOT_CLASS = YES_ERROR;
				CLANG_WARN_QUOTED_INCLUDE_IN_FRAMEWORK_HEADER = YES;
				CLANG_WARN_RANGE_LOOP_ANALYSIS = YES;
				CLANG_WARN_STRICT_PROTOTYPES = YES;
				CLANG_WARN_SUSPICIOUS_MOVE = YES;
				CLANG_WARN_UNGUARDED_AVAILABILITY = YES_AGGRESSIVE;
				CLANG_WARN_UNREACHABLE_CODE = YES;
				CLANG_WARN__DUPLICATE_METHOD_MATCH = YES;
				COPY_PHASE_STRIP = NO;
				DEBUG_INFORMATION_FORMAT = dwarf;
				DEVELOPMENT_TEAM = N5386872HH;
				ENABLE_STRICT_OBJC_MSGSEND = YES;
				ENABLE_TESTABILITY = YES;
				ENABLE_USER_SCRIPT_SANDBOXING = YES;
				GCC_C_LANGUAGE_STANDARD = gnu17;
				GCC_DYNAMIC_NO_PIC = NO;
				GCC_NO_COMMON_BLOCKS = YES;
				GCC_OPTIMIZATION_LEVEL = 0;
				GCC_PREPROCESSOR_DEFINITIONS = (
					"DEBUG=1",
					"$(inherited)",
				);
				GCC_WARN_64_TO_32_BIT_CONVERSION = YES;
				GCC_WARN_ABOUT_RETURN_TYPE = YES_ERROR;
				GCC_WARN_UNDECLARED_SELECTOR = YES;
				GCC_WARN_UNINITIALIZED_AUTOS = YES_AGGRESSIVE;
				GCC_WARN_UNUSED_FUNCTION = YES;
				GCC_WARN_UNUSED_VARIABLE = YES;
				IPHONEOS_DEPLOYMENT_TARGET = 18.5;
				LOCALIZATION_PREFERS_STRING_CATALOGS = YES;
				MTL_ENABLE_DEBUG_INFO = INCLUDE_SOURCE;
				MTL_FAST_MATH = YES;
				ONLY_ACTIVE_ARCH = YES;
				SDKROOT = iphoneos;
				SWIFT_ACTIVE_COMPILATION_CONDITIONS = "DEBUG $(inherited)";
				SWIFT_OPTIMIZATION_LEVEL = "-Onone";
			};
			name = Debug;
		};
		C549F91F2E7B0F4200517515 /* Release */ = {
			isa = XCBuildConfiguration;
			buildSettings = {
				ALWAYS_SEARCH_USER_PATHS = NO;
				ASSETCATALOG_COMPILER_GENERATE_SWIFT_ASSET_SYMBOL_EXTENSIONS = YES;
				CLANG_ANALYZER_NONNULL = YES;
				CLANG_ANALYZER_NUMBER_OBJECT_CONVERSION = YES_AGGRESSIVE;
				CLANG_CXX_LANGUAGE_STANDARD = "gnu++20";
				CLANG_ENABLE_MODULES = YES;
				CLANG_ENABLE_OBJC_ARC = YES;
				CLANG_ENABLE_OBJC_WEAK = YES;
				CLANG_WARN_BLOCK_CAPTURE_AUTORELEASING = YES;
				CLANG_WARN_BOOL_CONVERSION = YES;
				CLANG_WARN_COMMA = YES;
				CLANG_WARN_CONSTANT_CONVERSION = YES;
				CLANG_WARN_DEPRECATED_OBJC_IMPLEMENTATIONS = YES;
				CLANG_WARN_DIRECT_OBJC_ISA_USAGE = YES_ERROR;
				CLANG_WARN_DOCUMENTATION_COMMENTS = YES;
				CLANG_WARN_EMPTY_BODY = YES;
				CLANG_WARN_ENUM_CONVERSION = YES;
				CLANG_WARN_INFINITE_RECURSION = YES;
				CLANG_WARN_INT_CONVERSION = YES;
				CLANG_WARN_NON_LITERAL_NULL_CONVERSION = YES;
				CLANG_WARN_OBJC_IMPLICIT_RETAIN_SELF = YES;
				CLANG_WARN_OBJC_LITERAL_CONVERSION = YES;
				CLANG_WARN_OBJC_ROOT_CLASS = YES_ERROR;
				CLANG_WARN_QUOTED_INCLUDE_IN_FRAMEWORK_HEADER = YES;
				CLANG_WARN_RANGE_LOOP_ANALYSIS = YES;
				CLANG_WARN_STRICT_PROTOTYPES = YES;
				CLANG_WARN_SUSPICIOUS_MOVE = YES;
				CLANG_WARN_UNGUARDED_AVAILABILITY = YES_AGGRESSIVE;
				CLANG_WARN_UNREACHABLE_CODE = YES;
				CLANG_WARN__DUPLICATE_METHOD_MATCH = YES;
				COPY_PHASE_STRIP = NO;
				DEBUG_INFORMATION_FORMAT = "dwarf-with-dsym";
				DEVELOPMENT_TEAM = N5386872HH;
				ENABLE_NS_ASSERTIONS = NO;
				ENABLE_STRICT_OBJC_MSGSEND = YES;
				ENABLE_USER_SCRIPT_SANDBOXING = YES;
				GCC_C_LANGUAGE_STANDARD = gnu17;
				GCC_NO_COMMON_BLOCKS = YES;
				GCC_WARN_64_TO_32_BIT_CONVERSION = YES;
				GCC_WARN_ABOUT_RETURN_TYPE = YES_ERROR;
				GCC_WARN_UNDECLARED_SELECTOR = YES;
				GCC_WARN_UNINITIALIZED_AUTOS = YES_AGGRESSIVE;
				GCC_WARN_UNUSED_FUNCTION = YES;
				GCC_WARN_UNUSED_VARIABLE = YES;
				IPHONEOS_DEPLOYMENT_TARGET = 18.5;
				LOCALIZATION_PREFERS_STRING_CATALOGS = YES;
				MTL_ENABLE_DEBUG_INFO = NO;
				MTL_FAST_MATH = YES;
				SDKROOT = iphoneos;
				SWIFT_COMPILATION_MODE = wholemodule;
				VALIDATE_PRODUCT = YES;
			};
			name = Release;
		};
		C549F9212E7B0F4200517515 /* Debug */ = {
			isa = XCBuildConfiguration;
			buildSettings = {
				ASSETCATALOG_COMPILER_APPICON_NAME = AppIcon;
				ASSETCATALOG_COMPILER_GLOBAL_ACCENT_COLOR_NAME = AccentColor;
				CODE_SIGN_ENTITLEMENTS = budgetmeter.ios/budgetmeter.ios.entitlements;
				CODE_SIGN_STYLE = Automatic;
				CURRENT_PROJECT_VERSION = 1;
				DEVELOPMENT_TEAM = N5386872HH;
				ENABLE_PREVIEWS = YES;
				GENERATE_INFOPLIST_FILE = YES;
				INFOPLIST_FILE = budgetmeter.ios/Info.plist;
				INFOPLIST_KEY_NSFaceIDUsageDescription = "BudgetMeter uses Face ID to protect your financial data and ensure secure access to your app.";
				INFOPLIST_KEY_UIApplicationSceneManifest_Generation = YES;
				INFOPLIST_KEY_UIApplicationSupportsIndirectInputEvents = YES;
				INFOPLIST_KEY_UILaunchScreen_Generation = YES;
				INFOPLIST_KEY_UILaunchScreen_UIColorName = LaunchScreenBackgroundColor;
				INFOPLIST_KEY_UILaunchScreen_UIImageName = budgetmeter;
				INFOPLIST_KEY_UISupportedInterfaceOrientations_iPad = "UIInterfaceOrientationPortrait UIInterfaceOrientationPortraitUpsideDown UIInterfaceOrientationLandscapeLeft UIInterfaceOrientationLandscapeRight";
				INFOPLIST_KEY_UISupportedInterfaceOrientations_iPhone = "UIInterfaceOrientationPortrait UIInterfaceOrientationLandscapeLeft UIInterfaceOrientationLandscapeRight";
				IPHONEOS_DEPLOYMENT_TARGET = 26.0;
				LD_RUNPATH_SEARCH_PATHS = (
					"$(inherited)",
					"@executable_path/Frameworks",
				);
				MARKETING_VERSION = 1.1.0;
				PRODUCT_BUNDLE_IDENTIFIER = "com.janstrade.budgetmeter-ios";
				PRODUCT_NAME = "$(TARGET_NAME)";
				SUPPORTED_PLATFORMS = "iphoneos iphonesimulator";
				SUPPORTS_MACCATALYST = NO;
				SUPPORTS_MAC_DESIGNED_FOR_IPHONE_IPAD = NO;
				SUPPORTS_XR_DESIGNED_FOR_IPHONE_IPAD = NO;
				SWIFT_EMIT_LOC_STRINGS = YES;
				SWIFT_VERSION = 5.0;
				TARGETED_DEVICE_FAMILY = 1;
			};
			name = Debug;
		};
		C549F9222E7B0F4200517515 /* Release */ = {
			isa = XCBuildConfiguration;
			buildSettings = {
				ASSETCATALOG_COMPILER_APPICON_NAME = AppIcon;
				ASSETCATALOG_COMPILER_GLOBAL_ACCENT_COLOR_NAME = AccentColor;
				CODE_SIGN_ENTITLEMENTS = budgetmeter.ios/budgetmeter.ios.entitlements;
				CODE_SIGN_STYLE = Automatic;
				CURRENT_PROJECT_VERSION = 1;
				DEVELOPMENT_TEAM = N5386872HH;
				ENABLE_PREVIEWS = YES;
				GENERATE_INFOPLIST_FILE = YES;
				INFOPLIST_FILE = budgetmeter.ios/Info.plist;
				INFOPLIST_KEY_NSFaceIDUsageDescription = "BudgetMeter uses Face ID to protect your financial data and ensure secure access to your app.";
				INFOPLIST_KEY_UIApplicationSceneManifest_Generation = YES;
				INFOPLIST_KEY_UIApplicationSupportsIndirectInputEvents = YES;
				INFOPLIST_KEY_UILaunchScreen_Generation = YES;
				INFOPLIST_KEY_UILaunchScreen_UIColorName = LaunchScreenBackgroundColor;
				INFOPLIST_KEY_UILaunchScreen_UIImageName = budgetmeter;
				INFOPLIST_KEY_UISupportedInterfaceOrientations_iPad = "UIInterfaceOrientationPortrait UIInterfaceOrientationPortraitUpsideDown UIInterfaceOrientationLandscapeLeft UIInterfaceOrientationLandscapeRight";
				INFOPLIST_KEY_UISupportedInterfaceOrientations_iPhone = "UIInterfaceOrientationPortrait UIInterfaceOrientationLandscapeLeft UIInterfaceOrientationLandscapeRight";
				IPHONEOS_DEPLOYMENT_TARGET = 26.0;
				LD_RUNPATH_SEARCH_PATHS = (
					"$(inherited)",
					"@executable_path/Frameworks",
				);
				MARKETING_VERSION = 1.1.0;
				PRODUCT_BUNDLE_IDENTIFIER = "com.janstrade.budgetmeter-ios";
				PRODUCT_NAME = "$(TARGET_NAME)";
				SUPPORTED_PLATFORMS = "iphoneos iphonesimulator";
				SUPPORTS_MACCATALYST = NO;
				SUPPORTS_MAC_DESIGNED_FOR_IPHONE_IPAD = NO;
				SUPPORTS_XR_DESIGNED_FOR_IPHONE_IPAD = NO;
				SWIFT_EMIT_LOC_STRINGS = YES;
				SWIFT_VERSION = 5.0;
				TARGETED_DEVICE_FAMILY = 1;
			};
			name = Release;
		};
		C5T2E0072F2D000100A1F001 /* Debug */ = {
			isa = XCBuildConfiguration;
			buildSettings = {
				BUNDLE_LOADER = "$(TEST_HOST)";
				CODE_SIGN_STYLE = Automatic;
				CURRENT_PROJECT_VERSION = 1;
				DEVELOPMENT_TEAM = N5386872HH;
				GENERATE_INFOPLIST_FILE = YES;
				IPHONEOS_DEPLOYMENT_TARGET = 26.0;
				LD_RUNPATH_SEARCH_PATHS = (
					"$(inherited)",
					"@executable_path/Frameworks",
					"@loader_path/Frameworks",
				);
				MARKETING_VERSION = 1.1.0;
				PRODUCT_BUNDLE_IDENTIFIER = "com.janstrade.budgetmeter-iosTests";
				PRODUCT_NAME = "$(TARGET_NAME)";
				SUPPORTED_PLATFORMS = "iphoneos iphonesimulator";
				SWIFT_EMIT_LOC_STRINGS = NO;
				SWIFT_VERSION = 5.0;
				TARGETED_DEVICE_FAMILY = 1;
				TEST_HOST = "$(BUILT_PRODUCTS_DIR)/budgetmeter.ios.app/$(BUNDLE_EXECUTABLE_FOLDER_PATH)/budgetmeter.ios";
			};
			name = Debug;
		};
		C5T2E0082F2D000100A1F001 /* Release */ = {
			isa = XCBuildConfiguration;
			buildSettings = {
				BUNDLE_LOADER = "$(TEST_HOST)";
				CODE_SIGN_STYLE = Automatic;
				CURRENT_PROJECT_VERSION = 1;
				DEVELOPMENT_TEAM = N5386872HH;
				GENERATE_INFOPLIST_FILE = YES;
				IPHONEOS_DEPLOYMENT_TARGET = 26.0;
				LD_RUNPATH_SEARCH_PATHS = (
					"$(inherited)",
					"@executable_path/Frameworks",
					"@loader_path/Frameworks",
				);
				MARKETING_VERSION = 1.1.0;
				PRODUCT_BUNDLE_IDENTIFIER = "com.janstrade.budgetmeter-iosTests";
				PRODUCT_NAME = "$(TARGET_NAME)";
				SUPPORTED_PLATFORMS = "iphoneos iphonesimulator";
				SWIFT_EMIT_LOC_STRINGS = NO;
				SWIFT_VERSION = 5.0;
				TARGETED_DEVICE_FAMILY = 1;
				TEST_HOST = "$(BUILT_PRODUCTS_DIR)/budgetmeter.ios.app/$(BUNDLE_EXECUTABLE_FOLDER_PATH)/budgetmeter.ios";
			};
			name = Release;
		};
		C5W8E0072F2D000100A1F002 /* Debug */ = {
			isa = XCBuildConfiguration;
			buildSettings = {
				APPLICATION_EXTENSION_API_ONLY = YES;
				CODE_SIGN_ENTITLEMENTS = BudgetMeterWidgets/BudgetMeterWidgets.entitlements;
				CODE_SIGN_STYLE = Automatic;
				CURRENT_PROJECT_VERSION = 1;
				DEVELOPMENT_TEAM = N5386872HH;
				GENERATE_INFOPLIST_FILE = NO;
				INFOPLIST_FILE = BudgetMeterWidgets/Info.plist;
				IPHONEOS_DEPLOYMENT_TARGET = 26.0;
				LD_RUNPATH_SEARCH_PATHS = (
					"$(inherited)",
					"@executable_path/Frameworks",
					"@executable_path/../../Frameworks",
				);
				MARKETING_VERSION = 1.1.0;
				PRODUCT_BUNDLE_IDENTIFIER = "com.janstrade.budgetmeter-ios.BudgetMeterWidgets";
				PRODUCT_NAME = "$(TARGET_NAME)";
				SKIP_INSTALL = YES;
				SUPPORTED_PLATFORMS = "iphoneos iphonesimulator";
				SWIFT_EMIT_LOC_STRINGS = YES;
				SWIFT_VERSION = 5.0;
				TARGETED_DEVICE_FAMILY = 1;
			};
			name = Debug;
		};
		C5W8E0082F2D000100A1F002 /* Release */ = {
			isa = XCBuildConfiguration;
			buildSettings = {
				APPLICATION_EXTENSION_API_ONLY = YES;
				CODE_SIGN_ENTITLEMENTS = BudgetMeterWidgets/BudgetMeterWidgets.entitlements;
				CODE_SIGN_STYLE = Automatic;
				CURRENT_PROJECT_VERSION = 1;
				DEVELOPMENT_TEAM = N5386872HH;
				GENERATE_INFOPLIST_FILE = NO;
				INFOPLIST_FILE = BudgetMeterWidgets/Info.plist;
				IPHONEOS_DEPLOYMENT_TARGET = 26.0;
				LD_RUNPATH_SEARCH_PATHS = (
					"$(inherited)",
					"@executable_path/Frameworks",
					"@executable_path/../../Frameworks",
				);
				MARKETING_VERSION = 1.1.0;
				PRODUCT_BUNDLE_IDENTIFIER = "com.janstrade.budgetmeter-ios.BudgetMeterWidgets";
				PRODUCT_NAME = "$(TARGET_NAME)";
				SKIP_INSTALL = YES;
				SUPPORTED_PLATFORMS = "iphoneos iphonesimulator";
				SWIFT_EMIT_LOC_STRINGS = YES;
				SWIFT_VERSION = 5.0;
				TARGETED_DEVICE_FAMILY = 1;
			};
			name = Release;
		};
/* End XCBuildConfiguration section */

/* Begin XCConfigurationList section */
		C549F9102E7B0F4100517515 /* Build configuration list for PBXProject "budgetmeter.ios" */ = {
			isa = XCConfigurationList;
			buildConfigurations = (
				C549F91E2E7B0F4200517515 /* Debug */,
				C549F91F2E7B0F4200517515 /* Release */,
			);
			defaultConfigurationIsVisible = 0;
			defaultConfigurationName = Release;
		};
		C549F9202E7B0F4200517515 /* Build configuration list for PBXNativeTarget "budgetmeter.ios" */ = {
			isa = XCConfigurationList;
			buildConfigurations = (
				C549F9212E7B0F4200517515 /* Debug */,
				C549F9222E7B0F4200517515 /* Release */,
			);
			defaultConfigurationIsVisible = 0;
			defaultConfigurationName = Release;
		};
		C5T2E0062F2D000100A1F001 /* Build configuration list for PBXNativeTarget "budgetmeter.iosTests" */ = {
			isa = XCConfigurationList;
			buildConfigurations = (
				C5T2E0072F2D000100A1F001 /* Debug */,
				C5T2E0082F2D000100A1F001 /* Release */,
			);
			defaultConfigurationIsVisible = 0;
			defaultConfigurationName = Release;
		};
		C5W8E0062F2D000100A1F002 /* Build configuration list for PBXNativeTarget "BudgetMeterWidgets" */ = {
			isa = XCConfigurationList;
			buildConfigurations = (
				C5W8E0072F2D000100A1F002 /* Debug */,
				C5W8E0082F2D000100A1F002 /* Release */,
			);
			defaultConfigurationIsVisible = 0;
			defaultConfigurationName = Release;
		};
/* End XCConfigurationList section */

/* Begin XCRemoteSwiftPackageReference section */
		345621462FE1DCD500B750B4 /* XCRemoteSwiftPackageReference "supabase-swift" */ = {
			isa = XCRemoteSwiftPackageReference;
			repositoryURL = "https://github.com/supabase/supabase-swift";
			requirement = {
				kind = upToNextMajorVersion;
				minimumVersion = 2.5.1;
			};
		};
/* End XCRemoteSwiftPackageReference section */

/* Begin XCSwiftPackageProductDependency section */
		345621472FE1DCD500B750B4 /* Auth */ = {
			isa = XCSwiftPackageProductDependency;
			package = 345621462FE1DCD500B750B4 /* XCRemoteSwiftPackageReference "supabase-swift" */;
			productName = Auth;
		};
		345621492FE1DCD500B750B4 /* Functions */ = {
			isa = XCSwiftPackageProductDependency;
			package = 345621462FE1DCD500B750B4 /* XCRemoteSwiftPackageReference "supabase-swift" */;
			productName = Functions;
		};
		3456214B2FE1DCD500B750B4 /* PostgREST */ = {
			isa = XCSwiftPackageProductDependency;
			package = 345621462FE1DCD500B750B4 /* XCRemoteSwiftPackageReference "supabase-swift" */;
			productName = PostgREST;
		};
		3456214D2FE1DCD500B750B4 /* Supabase */ = {
			isa = XCSwiftPackageProductDependency;
			package = 345621462FE1DCD500B750B4 /* XCRemoteSwiftPackageReference "supabase-swift" */;
			productName = Supabase;
		};
/* End XCSwiftPackageProductDependency section */
	};
	rootObject = C549F90D2E7B0F4100517515 /* Project object */;
}
