// !$*UTF8*$!
{
	archiveVersion = 1;
	classes = {
	};
	objectVersion = 77;
	objects = {

/* Begin PBXBuildFile section */
		C5A1E0302F2C4D1A00A1F001 /* budgetmeter.ios/Resources/Alerts.xcstrings in Resources */ = {isa = PBXBuildFile; fileRef = C5A1E0102F2C4D1A00A1F001 /* budgetmeter.ios/Resources/Alerts.xcstrings */; };
		C5A1E0312F2C4D1A00A1F001 /* budgetmeter.ios/Resources/Categories.xcstrings in Resources */ = {isa = PBXBuildFile; fileRef = C5A1E0112F2C4D1A00A1F001 /* budgetmeter.ios/Resources/Categories.xcstrings */; };
		C5A1E0322F2C4D1A00A1F001 /* budgetmeter.ios/Resources/Currency.xcstrings in Resources */ = {isa = PBXBuildFile; fileRef = C5A1E0122F2C4D1A00A1F001 /* budgetmeter.ios/Resources/Currency.xcstrings */; };
		C5A1E0332F2C4D1A00A1F001 /* budgetmeter.ios/Resources/Debug.xcstrings in Resources */ = {isa = PBXBuildFile; fileRef = C5A1E0132F2C4D1A00A1F001 /* budgetmeter.ios/Resources/Debug.xcstrings */; };
		C5A1E0342F2C4D1A00A1F001 /* budgetmeter.ios/Resources/Home.xcstrings in Resources */ = {isa = PBXBuildFile; fileRef = C5A1E0142F2C4D1A00A1F001 /* budgetmeter.ios/Resources/Home.xcstrings */; };
		C5A1E0352F2C4D1A00A1F001 /* budgetmeter.ios/Resources/Settings.xcstrings in Resources */ = {isa = PBXBuildFile; fileRef = C5A1E0152F2C4D1A00A1F001 /* budgetmeter.ios/Resources/Settings.xcstrings */; };
		C5A1E0362F2C4D1A00A1F001 /* budgetmeter.ios/Resources/UI.xcstrings in Resources */ = {isa = PBXBuildFile; fileRef = C5A1E0162F2C4D1A00A1F001 /* budgetmeter.ios/Resources/UI.xcstrings */; };
		C5A1E0382F2C4D1A00A1F001 /* budgetmeter.ios/Resources/Localizable.xcstrings in Resources */ = {isa = PBXBuildFile; fileRef = C5A1E0172F2C4D1A00A1F001 /* budgetmeter.ios/Resources/Localizable.xcstrings */; };
/* End PBXBuildFile section */

/* Begin PBXFileReference section */
		C549F9152E7B0F4100517515 /* budgetmeter.ios.app */ = {isa = PBXFileReference; explicitFileType = wrapper.application; includeInIndex = 0; path = budgetmeter.ios.app; sourceTree = BUILT_PRODUCTS_DIR; };
		C5A1E0102F2C4D1A00A1F001 /* budgetmeter.ios/Resources/Alerts.xcstrings */ = {isa = PBXFileReference; lastKnownFileType = text.json; path = budgetmeter.ios/Resources/Alerts.xcstrings; sourceTree = SOURCE_ROOT; };
		C5A1E0112F2C4D1A00A1F001 /* budgetmeter.ios/Resources/Categories.xcstrings */ = {isa = PBXFileReference; lastKnownFileType = text.json; path = budgetmeter.ios/Resources/Categories.xcstrings; sourceTree = SOURCE_ROOT; };
		C5A1E0122F2C4D1A00A1F001 /* budgetmeter.ios/Resources/Currency.xcstrings */ = {isa = PBXFileReference; lastKnownFileType = text.json; path = budgetmeter.ios/Resources/Currency.xcstrings; sourceTree = SOURCE_ROOT; };
		C5A1E0132F2C4D1A00A1F001 /* budgetmeter.ios/Resources/Debug.xcstrings */ = {isa = PBXFileReference; lastKnownFileType = text.json; path = budgetmeter.ios/Resources/Debug.xcstrings; sourceTree = SOURCE_ROOT; };
		C5A1E0142F2C4D1A00A1F001 /* budgetmeter.ios/Resources/Home.xcstrings */ = {isa = PBXFileReference; lastKnownFileType = text.json; path = budgetmeter.ios/Resources/Home.xcstrings; sourceTree = SOURCE_ROOT; };
		C5A1E0152F2C4D1A00A1F001 /* budgetmeter.ios/Resources/Settings.xcstrings */ = {isa = PBXFileReference; lastKnownFileType = text.json; path = budgetmeter.ios/Resources/Settings.xcstrings; sourceTree = SOURCE_ROOT; };
		C5A1E0162F2C4D1A00A1F001 /* budgetmeter.ios/Resources/UI.xcstrings */ = {isa = PBXFileReference; lastKnownFileType = text.json; path = budgetmeter.ios/Resources/UI.xcstrings; sourceTree = SOURCE_ROOT; };
		C5A1E0172F2C4D1A00A1F001 /* budgetmeter.ios/Resources/Localizable.xcstrings */ = {isa = PBXFileReference; lastKnownFileType = text.json; path = budgetmeter.ios/Resources/Localizable.xcstrings; sourceTree = SOURCE_ROOT; };
/* End PBXFileReference section */

/* Begin PBXFileSystemSynchronizedRootGroup section */
		C549F9172E7B0F4100517515 /* budgetmeter.ios */ = {
			isa = PBXFileSystemSynchronizedRootGroup;
			path = budgetmeter.ios;
			sourceTree = "<group>";
		};
/* End PBXFileSystemSynchronizedRootGroup section */

/* Begin PBXFrameworksBuildPhase section */
		C549F9122E7B0F4100517515 /* Frameworks */ = {
			isa = PBXFrameworksBuildPhase;
			buildActionMask = 2147483647;
			files = (
			);
			runOnlyForDeploymentPostprocessing = 0;
		};
/* End PBXFrameworksBuildPhase section */

/* Begin PBXGroup section */
		C549F90C2E7B0F4100517515 = {
			isa = PBXGroup;
			children = (
				C549F9172E7B0F4100517515 /* budgetmeter.ios */,
				C549F9162E7B0F4100517515 /* Products */,
				C5A1E0102F2C4D1A00A1F001 /* budgetmeter.ios/Resources/Alerts.xcstrings */,
				C5A1E0112F2C4D1A00A1F001 /* budgetmeter.ios/Resources/Categories.xcstrings */,
				C5A1E0122F2C4D1A00A1F001 /* budgetmeter.ios/Resources/Currency.xcstrings */,
				C5A1E0132F2C4D1A00A1F001 /* budgetmeter.ios/Resources/Debug.xcstrings */,
				C5A1E0142F2C4D1A00A1F001 /* budgetmeter.ios/Resources/Home.xcstrings */,
				C5A1E0152F2C4D1A00A1F001 /* budgetmeter.ios/Resources/Settings.xcstrings */,
				C5A1E0162F2C4D1A00A1F001 /* budgetmeter.ios/Resources/UI.xcstrings */,
				C5A1E0172F2C4D1A00A1F001 /* budgetmeter.ios/Resources/Localizable.xcstrings */,
			);
			sourceTree = "<group>";
		};
		C549F9162E7B0F4100517515 /* Products */ = {
			isa = PBXGroup;
			children = (
				C549F9152E7B0F4100517515 /* budgetmeter.ios.app */,
			);
			name = Products;
			sourceTree = "<group>";
		};
/* End PBXGroup section */

/* Begin PBXNativeTarget section */
		C549F9142E7B0F4100517515 /* budgetmeter.ios */ = {
			isa = PBXNativeTarget;
			buildConfigurationList = C549F9202E7B0F4200517515 /* Build configuration list for PBXNativeTarget "budgetmeter.ios" */;
			buildPhases = (
				C549F9112E7B0F4100517515 /* Sources */,
				C549F9122E7B0F4100517515 /* Frameworks */,
				C549F9132E7B0F4100517515 /* Resources */,
			);
			buildRules = (
			);
			dependencies = (
			);
			fileSystemSynchronizedGroups = (
				C549F9172E7B0F4100517515 /* budgetmeter.ios */,
			);
			name = budgetmeter.ios;
			packageProductDependencies = (
			);
			productName = budgetmeter.ios;
			productReference = C549F9152E7B0F4100517515 /* budgetmeter.ios.app */;
			productType = "com.apple.product-type.application";
		};
/* End PBXNativeTarget section */

/* Begin PBXProject section */
		C549F90D2E7B0F4100517515 /* Project object */ = {
			isa = PBXProject;
			attributes = {
				BuildIndependentTargetsInParallel = 1;
				LastSwiftUpdateCheck = 1640;
				LastUpgradeCheck = 1640;
				TargetAttributes = {
					C549F9142E7B0F4100517515 = {
						CreatedOnToolsVersion = 16.4;
					};
				};
			};
			buildConfigurationList = C549F9102E7B0F4100517515 /* Build configuration list for PBXProject "budgetmeter.ios" */;
			developmentRegion = en;
			hasScannedForEncodings = 0;
			knownRegions = (
				en,
				Base,
				tr,
				de,
				fr,
				es,
				it,
				pt,
				ja,
				"zh-Hans",
				ar,
			);
			mainGroup = C549F90C2E7B0F4100517515;
			minimizedProjectReferenceProxies = 1;
			preferredProjectObjectVersion = 77;
			productRefGroup = C549F9162E7B0F4100517515 /* Products */;
			projectDirPath = "";
			projectRoot = "";
			targets = (
				C549F9142E7B0F4100517515 /* budgetmeter.ios */,
			);
		};
/* End PBXProject section */

/* Begin PBXResourcesBuildPhase section */
		C549F9132E7B0F4100517515 /* Resources */ = {
			isa = PBXResourcesBuildPhase;
			buildActionMask = 2147483647;
			files = (
				C5A1E0302F2C4D1A00A1F001 /* budgetmeter.ios/Resources/Alerts.xcstrings in Resources */,
				C5A1E0312F2C4D1A00A1F001 /* budgetmeter.ios/Resources/Categories.xcstrings in Resources */,
				C5A1E0322F2C4D1A00A1F001 /* budgetmeter.ios/Resources/Currency.xcstrings in Resources */,
				C5A1E0332F2C4D1A00A1F001 /* budgetmeter.ios/Resources/Debug.xcstrings in Resources */,
				C5A1E0342F2C4D1A00A1F001 /* budgetmeter.ios/Resources/Home.xcstrings in Resources */,
				C5A1E0352F2C4D1A00A1F001 /* budgetmeter.ios/Resources/Settings.xcstrings in Resources */,
				C5A1E0362F2C4D1A00A1F001 /* budgetmeter.ios/Resources/UI.xcstrings in Resources */,
				C5A1E0382F2C4D1A00A1F001 /* budgetmeter.ios/Resources/Localizable.xcstrings in Resources */,
			);
			runOnlyForDeploymentPostprocessing = 0;
		};
/* End PBXResourcesBuildPhase section */

/* Begin PBXSourcesBuildPhase section */
		C549F9112E7B0F4100517515 /* Sources */ = {
			isa = PBXSourcesBuildPhase;
			buildActionMask = 2147483647;
			files = (
			);
			runOnlyForDeploymentPostprocessing = 0;
		};
/* End PBXSourcesBuildPhase section */

/* Begin XCBuildConfiguration section */
		C549F91E2E7B0F4200517515 /* Debug */ = {
			isa = XCBuildConfiguration;
			buildSettings = {
				ALWAYS_SEARCH_USER_PATHS = NO;
				ASSETCATALOG_COMPILER_GENERATE_SWIFT_ASSET_SYMBOL_EXTENSIONS = YES;
				CLANG_ANALYZER_NONNULL = YES;
				CLANG_ANALYZER_NUMBER_OBJECT_CONVERSION = YES_AGGRESSIVE;
				CLANG_CXX_LANGUAGE_STANDARD = "gnu++20";
				CLANG_ENABLE_MODULES = YES;
				CLANG_ENABLE_OBJC_ARC = YES;
				CLANG_ENABLE_OBJC_WEAK = YES;
				CLANG_WARN_BLOCK_CAPTURE_AUTORELEASING = YES;
				CLANG_WARN_BOOL_CONVERSION = YES;
				CLANG_WARN_COMMA = YES;
				CLANG_WARN_CONSTANT_CONVERSION = YES;
				CLANG_WARN_DEPRECATED_OBJC_IMPLEMENTATIONS = YES;
				CLANG_WARN_DIRECT_OBJC_ISA_USAGE = YES_ERROR;
				CLANG_WARN_DOCUMENTATION_COMMENTS = YES;
				CLANG_WARN_EMPTY_BODY = YES;
				CLANG_WARN_ENUM_CONVERSION = YES;
				CLANG_WARN_INFINITE_RECURSION = YES;
				CLANG_WARN_INT_CONVERSION = YES;
				CLANG_WARN_NON_LITERAL_NULL_CONVERSION = YES;
				CLANG_WARN_OBJC_IMPLICIT_RETAIN_SELF = YES;
				CLANG_WARN_OBJC_LITERAL_CONVERSION = YES;
				CLANG_WARN_OBJC_ROOT_CLASS = YES_ERROR;
				CLANG_WARN_QUOTED_INCLUDE_IN_FRAMEWORK_HEADER = YES;
				CLANG_WARN_RANGE_LOOP_ANALYSIS = YES;
				CLANG_WARN_STRICT_PROTOTYPES = YES;
				CLANG_WARN_SUSPICIOUS_MOVE = YES;
				CLANG_WARN_UNGUARDED_AVAILABILITY = YES_AGGRESSIVE;
				CLANG_WARN_UNREACHABLE_CODE = YES;
				CLANG_WARN__DUPLICATE_METHOD_MATCH = YES;
				COPY_PHASE_STRIP = NO;
				DEBUG_INFORMATION_FORMAT = dwarf;
				DEVELOPMENT_TEAM = N5386872HH;
				ENABLE_STRICT_OBJC_MSGSEND = YES;
				ENABLE_TESTABILITY = YES;
				ENABLE_USER_SCRIPT_SANDBOXING = YES;
				GCC_C_LANGUAGE_STANDARD = gnu17;
				GCC_DYNAMIC_NO_PIC = NO;
				GCC_NO_COMMON_BLOCKS = YES;
				GCC_OPTIMIZATION_LEVEL = 0;
				GCC_PREPROCESSOR_DEFINITIONS = (
					"DEBUG=1",
					"$(inherited)",
				);
				GCC_WARN_64_TO_32_BIT_CONVERSION = YES;
				GCC_WARN_ABOUT_RETURN_TYPE = YES_ERROR;
				GCC_WARN_UNDECLARED_SELECTOR = YES;
				GCC_WARN_UNINITIALIZED_AUTOS = YES_AGGRESSIVE;
				GCC_WARN_UNUSED_FUNCTION = YES;
				GCC_WARN_UNUSED_VARIABLE = YES;
				IPHONEOS_DEPLOYMENT_TARGET = 18.5;
				LOCALIZATION_PREFERS_STRING_CATALOGS = YES;
				MTL_ENABLE_DEBUG_INFO = INCLUDE_SOURCE;
				MTL_FAST_MATH = YES;
				ONLY_ACTIVE_ARCH = YES;
				SDKROOT = iphoneos;
				SWIFT_ACTIVE_COMPILATION_CONDITIONS = "DEBUG $(inherited)";
				SWIFT_OPTIMIZATION_LEVEL = "-Onone";
			};
			name = Debug;
		};
		C549F91F2E7B0F4200517515 /* Release */ = {
			isa = XCBuildConfiguration;
			buildSettings = {
				ALWAYS_SEARCH_USER_PATHS = NO;
				ASSETCATALOG_COMPILER_GENERATE_SWIFT_ASSET_SYMBOL_EXTENSIONS = YES;
				CLANG_ANALYZER_NONNULL = YES;
				CLANG_ANALYZER_NUMBER_OBJECT_CONVERSION = YES_AGGRESSIVE;
				CLANG_CXX_LANGUAGE_STANDARD = "gnu++20";
				CLANG_ENABLE_MODULES = YES;
				CLANG_ENABLE_OBJC_ARC = YES;
				CLANG_ENABLE_OBJC_WEAK = YES;
				CLANG_WARN_BLOCK_CAPTURE_AUTORELEASING = YES;
				CLANG_WARN_BOOL_CONVERSION = YES;
				CLANG_WARN_COMMA = YES;
				CLANG_WARN_CONSTANT_CONVERSION = YES;
				CLANG_WARN_DEPRECATED_OBJC_IMPLEMENTATIONS = YES;
				CLANG_WARN_DIRECT_OBJC_ISA_USAGE = YES_ERROR;
				CLANG_WARN_DOCUMENTATION_COMMENTS = YES;
				CLANG_WARN_EMPTY_BODY = YES;
				CLANG_WARN_ENUM_CONVERSION = YES;
				CLANG_WARN_INFINITE_RECURSION = YES;
				CLANG_WARN_INT_CONVERSION = YES;
				CLANG_WARN_NON_LITERAL_NULL_CONVERSION = YES;
				CLANG_WARN_OBJC_IMPLICIT_RETAIN_SELF = YES;
				CLANG_WARN_OBJC_LITERAL_CONVERSION = YES;
				CLANG_WARN_OBJC_ROOT_CLASS = YES_ERROR;
				CLANG_WARN_QUOTED_INCLUDE_IN_FRAMEWORK_HEADER = YES;
				CLANG_WARN_RANGE_LOOP_ANALYSIS = YES;
				CLANG_WARN_STRICT_PROTOTYPES = YES;
				CLANG_WARN_SUSPICIOUS_MOVE = YES;
				CLANG_WARN_UNGUARDED_AVAILABILITY = YES_AGGRESSIVE;
				CLANG_WARN_UNREACHABLE_CODE = YES;
				CLANG_WARN__DUPLICATE_METHOD_MATCH = YES;
				COPY_PHASE_STRIP = NO;
				DEBUG_INFORMATION_FORMAT = "dwarf-with-dsym";
				DEVELOPMENT_TEAM = N5386872HH;
				ENABLE_NS_ASSERTIONS = NO;
				ENABLE_STRICT_OBJC_MSGSEND = YES;
				ENABLE_USER_SCRIPT_SANDBOXING = YES;
				GCC_C_LANGUAGE_STANDARD = gnu17;
				GCC_NO_COMMON_BLOCKS = YES;
				GCC_WARN_64_TO_32_BIT_CONVERSION = YES;
				GCC_WARN_ABOUT_RETURN_TYPE = YES_ERROR;
				GCC_WARN_UNDECLARED_SELECTOR = YES;
				GCC_WARN_UNINITIALIZED_AUTOS = YES_AGGRESSIVE;
				GCC_WARN_UNUSED_FUNCTION = YES;
				GCC_WARN_UNUSED_VARIABLE = YES;
				IPHONEOS_DEPLOYMENT_TARGET = 18.5;
				LOCALIZATION_PREFERS_STRING_CATALOGS = YES;
				MTL_ENABLE_DEBUG_INFO = NO;
				MTL_FAST_MATH = YES;
				SDKROOT = iphoneos;
				SWIFT_COMPILATION_MODE = wholemodule;
				VALIDATE_PRODUCT = YES;
			};
			name = Release;
		};
		C549F9212E7B0F4200517515 /* Debug */ = {
			isa = XCBuildConfiguration;
			buildSettings = {
				ASSETCATALOG_COMPILER_APPICON_NAME = AppIcon;
				ASSETCATALOG_COMPILER_GLOBAL_ACCENT_COLOR_NAME = AccentColor;
				CODE_SIGN_STYLE = Automatic;
				CURRENT_PROJECT_VERSION = 3;
				DEVELOPMENT_TEAM = N5386872HH;
				ENABLE_PREVIEWS = YES;
				GENERATE_INFOPLIST_FILE = YES;
				INFOPLIST_KEY_UIApplicationSceneManifest_Generation = YES;
				INFOPLIST_KEY_UIApplicationSupportsIndirectInputEvents = YES;
				INFOPLIST_KEY_UILaunchScreen_Generation = YES;
				INFOPLIST_KEY_UILaunchScreen_UIColorName = LaunchScreenBackgroundColor;
				INFOPLIST_KEY_UILaunchScreen_UIImageName = budgetmeter;
				INFOPLIST_KEY_UISupportedInterfaceOrientations_iPad = "UIInterfaceOrientationPortrait UIInterfaceOrientationPortraitUpsideDown UIInterfaceOrientationLandscapeLeft UIInterfaceOrientationLandscapeRight";
				INFOPLIST_KEY_UISupportedInterfaceOrientations_iPhone = "UIInterfaceOrientationPortrait UIInterfaceOrientationLandscapeLeft UIInterfaceOrientationLandscapeRight";
				IPHONEOS_DEPLOYMENT_TARGET = 17.6;
				LD_RUNPATH_SEARCH_PATHS = (
					"$(inherited)",
					"@executable_path/Frameworks",
				);
				MARKETING_VERSION = 1.0;
				PRODUCT_BUNDLE_IDENTIFIER = "com.janstrade.budgetmeter-ios";
				PRODUCT_NAME = "$(TARGET_NAME)";
				SWIFT_EMIT_LOC_STRINGS = YES;
				SWIFT_VERSION = 5.0;
				TARGETED_DEVICE_FAMILY = "1,2";
			};
			name = Debug;
		};
		C549F9222E7B0F4200517515 /* Release */ = {
			isa = XCBuildConfiguration;
			buildSettings = {
				ASSETCATALOG_COMPILER_APPICON_NAME = AppIcon;
				ASSETCATALOG_COMPILER_GLOBAL_ACCENT_COLOR_NAME = AccentColor;
				CODE_SIGN_STYLE = Automatic;
				CURRENT_PROJECT_VERSION = 3;
				DEVELOPMENT_TEAM = N5386872HH;
				ENABLE_PREVIEWS = YES;
				GENERATE_INFOPLIST_FILE = YES;
				INFOPLIST_KEY_UIApplicationSceneManifest_Generation = YES;
				INFOPLIST_KEY_UIApplicationSupportsIndirectInputEvents = YES;
				INFOPLIST_KEY_UILaunchScreen_Generation = YES;
				INFOPLIST_KEY_UILaunchScreen_UIColorName = LaunchScreenBackgroundColor;
				INFOPLIST_KEY_UILaunchScreen_UIImageName = budgetmeter;
				INFOPLIST_KEY_UISupportedInterfaceOrientations_iPad = "UIInterfaceOrientationPortrait UIInterfaceOrientationPortraitUpsideDown UIInterfaceOrientationLandscapeLeft UIInterfaceOrientationLandscapeRight";
				INFOPLIST_KEY_UISupportedInterfaceOrientations_iPhone = "UIInterfaceOrientationPortrait UIInterfaceOrientationLandscapeLeft UIInterfaceOrientationLandscapeRight";
				IPHONEOS_DEPLOYMENT_TARGET = 17.6;
				LD_RUNPATH_SEARCH_PATHS = (
					"$(inherited)",
					"@executable_path/Frameworks",
				);
				MARKETING_VERSION = 1.0;
				PRODUCT_BUNDLE_IDENTIFIER = "com.janstrade.budgetmeter-ios";
				PRODUCT_NAME = "$(TARGET_NAME)";
				SWIFT_EMIT_LOC_STRINGS = YES;
				SWIFT_VERSION = 5.0;
				TARGETED_DEVICE_FAMILY = "1,2";
			};
			name = Release;
		};
/* End XCBuildConfiguration section */

/* Begin XCConfigurationList section */
		C549F9102E7B0F4100517515 /* Build configuration list for PBXProject "budgetmeter.ios" */ = {
			isa = XCConfigurationList;
			buildConfigurations = (
				C549F91E2E7B0F4200517515 /* Debug */,
				C549F91F2E7B0F4200517515 /* Release */,
			);
			defaultConfigurationIsVisible = 0;
			defaultConfigurationName = Release;
		};
		C549F9202E7B0F4200517515 /* Build configuration list for PBXNativeTarget "budgetmeter.ios" */ = {
			isa = XCConfigurationList;
			buildConfigurations = (
				C549F9212E7B0F4200517515 /* Debug */,
				C549F9222E7B0F4200517515 /* Release */,
			);
			defaultConfigurationIsVisible = 0;
			defaultConfigurationName = Release;
		};
/* End XCConfigurationList section */
	};
	rootObject = C549F90D2E7B0F4100517515 /* Project object */;
}
